
Microsoft Visual Studio Solution File, Format Version 12.00
# Visual Studio Version 16
VisualStudioVersion = 16.0.30804.86
MinimumVisualStudioVersion = 10.0.40219.1
Project("{9A19103F-16F7-4668-BE54-9A1E7A4F7556}") = "StockBuddy.Services.Api", "StockBuddy.Services.Api\StockBuddy.Services.Api.csproj", "{F248EEB9-E8DD-43A5-8DCA-F1702E2707C6}"
EndProject
Global
	GlobalSection(SolutionConfigurationPlatforms) = preSolution
		Debug|Any CPU = Debug|Any CPU
		Release|Any CPU = Release|Any CPU
	EndGlobalSection
	GlobalSection(ProjectConfigurationPlatforms) = postSolution
		{F248EEB9-E8DD-43A5-8DCA-F1702E2707C6}.Debug|Any CPU.ActiveCfg = Debug|Any CPU
		{F248EEB9-E8DD-43A5-8DCA-F1702E2707C6}.Debug|Any CPU.Build.0 = Debug|Any CPU
		{F248EEB9-E8DD-43A5-8DCA-F1702E2707C6}.Release|Any CPU.ActiveCfg = Release|Any CPU
		{F248EEB9-E8DD-43A5-8DCA-F1702E2707C6}.Release|Any CPU.Build.0 = Release|Any CPU
	EndGlobalSection
	GlobalSection(SolutionProperties) = preSolution
		HideSolutionNode = FALSE
	EndGlobalSection
	GlobalSection(ExtensibilityGlobals) = postSolution
		SolutionGuid = {F2059F74-5F8D-4B7D-86A4-8A5B3DE2B89F}
	EndGlobalSection
EndGlobal
